// !$*UTF8*$!
{
	archiveVersion = 1;
	classes = {
	};
	objectVersion = 55;
	objects = {

/* Begin PBXBuildFile section */
		DC78E9EE289D4F8E00C86F14 /* AppDelegate.swift in Sources */ = {isa = PBXBuildFile; fileRef = DC78E9ED289D4F8E00C86F14 /* AppDelegate.swift */; };
		DC78E9F0289D4F8E00C86F14 /* SceneDelegate.swift in Sources */ = {isa = PBXBuildFile; fileRef = DC78E9EF289D4F8E00C86F14 /* SceneDelegate.swift */; };
		DC78E9F7289D4F8F00C86F14 /* Assets.xcassets in Resources */ = {isa = PBXBuildFile; fileRef = DC78E9F6289D4F8F00C86F14 /* Assets.xcassets */; };
		DC78E9FA289D4F8F00C86F14 /* LaunchScreen.storyboard in Resources */ = {isa = PBXBuildFile; fileRef = DC78E9F8289D4F8F00C86F14 /* LaunchScreen.storyboard */; };
		DC78EA06289D565B00C86F14 /* RootViewController.swift in Sources */ = {isa = PBXBuildFile; fileRef = DC78EA05289D565B00C86F14 /* RootViewController.swift */; };
		DC78EA08289D566100C86F14 /* RootViewModel.swift in Sources */ = {isa = PBXBuildFile; fileRef = DC78EA07289D566100C86F14 /* RootViewModel.swift */; };
		DC78EA0A289D566C00C86F14 /* RootAssembly.swift in Sources */ = {isa = PBXBuildFile; fileRef = DC78EA09289D566C00C86F14 /* RootAssembly.swift */; };
		DC78EA0C289D568600C86F14 /* BaseRouting.swift in Sources */ = {isa = PBXBuildFile; fileRef = DC78EA0B289D568600C86F14 /* BaseRouting.swift */; };
		DC78EA0E289D56A800C86F14 /* BaseViewModel.swift in Sources */ = {isa = PBXBuildFile; fileRef = DC78EA0D289D56A800C86F14 /* BaseViewModel.swift */; };
		DC78EA10289D56B300C86F14 /* BaseViewController.swift in Sources */ = {isa = PBXBuildFile; fileRef = DC78EA0F289D56B300C86F14 /* BaseViewController.swift */; };
		DC78EA12289D56C900C86F14 /* ViewModeling.swift in Sources */ = {isa = PBXBuildFile; fileRef = DC78EA11289D56C900C86F14 /* ViewModeling.swift */; };
		DC78EA15289D589F00C86F14 /* UIViewController+Helper.swift in Sources */ = {isa = PBXBuildFile; fileRef = DC78EA14289D589F00C86F14 /* UIViewController+Helper.swift */; };
		DC78EA18289D5A3900C86F14 /* GalleryContentView.swift in Sources */ = {isa = PBXBuildFile; fileRef = DC78EA17289D5A3900C86F14 /* GalleryContentView.swift */; };
		DC78EA1B289D5A4C00C86F14 /* GalleryViewModel.swift in Sources */ = {isa = PBXBuildFile; fileRef = DC78EA1A289D5A4C00C86F14 /* GalleryViewModel.swift */; };
		DC78EA1D289D5A5400C86F14 /* GalleryRouter.swift in Sources */ = {isa = PBXBuildFile; fileRef = DC78EA1C289D5A5400C86F14 /* GalleryRouter.swift */; };
		DC78EA1F289D5A6900C86F14 /* GalleryAssembly.swift in Sources */ = {isa = PBXBuildFile; fileRef = DC78EA1E289D5A6900C86F14 /* GalleryAssembly.swift */; };
		DC78EA23289D5BF400C86F14 /* Endpoint.swift in Sources */ = {isa = PBXBuildFile; fileRef = DC78EA22289D5BF400C86F14 /* Endpoint.swift */; };
		DC78EA25289D5EA300C86F14 /* Networking.swift in Sources */ = {isa = PBXBuildFile; fileRef = DC78EA24289D5EA300C86F14 /* Networking.swift */; };
		DC78EA27289D5F2200C86F14 /* GalleryService.swift in Sources */ = {isa = PBXBuildFile; fileRef = DC78EA26289D5F2200C86F14 /* GalleryService.swift */; };
		DC78EA29289D613F00C86F14 /* GalleryModel.swift in Sources */ = {isa = PBXBuildFile; fileRef = DC78EA28289D613F00C86F14 /* GalleryModel.swift */; };
		DC78EA30289D7A1300C86F14 /* SelctedPhotoViewModel.swift in Sources */ = {isa = PBXBuildFile; fileRef = DC78EA2F289D7A1300C86F14 /* SelctedPhotoViewModel.swift */; };
		DC78EA32289D7A2100C86F14 /* SelctedPhotoAssembly.swift in Sources */ = {isa = PBXBuildFile; fileRef = DC78EA31289D7A2100C86F14 /* SelctedPhotoAssembly.swift */; };
		DC78EA34289D7A2C00C86F14 /* SelectedPhotoContentView.swift in Sources */ = {isa = PBXBuildFile; fileRef = DC78EA33289D7A2C00C86F14 /* SelectedPhotoContentView.swift */; };
/* End PBXBuildFile section */

/* Begin PBXFileReference section */
		DC78E9EA289D4F8E00C86F14 /* Pixabay.app */ = {isa = PBXFileReference; explicitFileType = wrapper.application; includeInIndex = 0; path = Pixabay.app; sourceTree = BUILT_PRODUCTS_DIR; };
		DC78E9ED289D4F8E00C86F14 /* AppDelegate.swift */ = {isa = PBXFileReference; lastKnownFileType = sourcecode.swift; path = AppDelegate.swift; sourceTree = "<group>"; };
		DC78E9EF289D4F8E00C86F14 /* SceneDelegate.swift */ = {isa = PBXFileReference; lastKnownFileType = sourcecode.swift; path = SceneDelegate.swift; sourceTree = "<group>"; };
		DC78E9F6289D4F8F00C86F14 /* Assets.xcassets */ = {isa = PBXFileReference; lastKnownFileType = folder.assetcatalog; path = Assets.xcassets; sourceTree = "<group>"; };
		DC78E9F9289D4F8F00C86F14 /* Base */ = {isa = PBXFileReference; lastKnownFileType = file.storyboard; name = Base; path = Base.lproj/LaunchScreen.storyboard; sourceTree = "<group>"; };
		DC78E9FB289D4F8F00C86F14 /* Info.plist */ = {isa = PBXFileReference; lastKnownFileType = text.plist.xml; path = Info.plist; sourceTree = "<group>"; };
		DC78EA05289D565B00C86F14 /* RootViewController.swift */ = {isa = PBXFileReference; lastKnownFileType = sourcecode.swift; path = RootViewController.swift; sourceTree = "<group>"; };
		DC78EA07289D566100C86F14 /* RootViewModel.swift */ = {isa = PBXFileReference; lastKnownFileType = sourcecode.swift; path = RootViewModel.swift; sourceTree = "<group>"; };
		DC78EA09289D566C00C86F14 /* RootAssembly.swift */ = {isa = PBXFileReference; lastKnownFileType = sourcecode.swift; path = RootAssembly.swift; sourceTree = "<group>"; };
		DC78EA0B289D568600C86F14 /* BaseRouting.swift */ = {isa = PBXFileReference; lastKnownFileType = sourcecode.swift; path = BaseRouting.swift; sourceTree = "<group>"; };
		DC78EA0D289D56A800C86F14 /* BaseViewModel.swift */ = {isa = PBXFileReference; lastKnownFileType = sourcecode.swift; path = BaseViewModel.swift; sourceTree = "<group>"; };
		DC78EA0F289D56B300C86F14 /* BaseViewController.swift */ = {isa = PBXFileReference; lastKnownFileType = sourcecode.swift; path = BaseViewController.swift; sourceTree = "<group>"; };
		DC78EA11289D56C900C86F14 /* ViewModeling.swift */ = {isa = PBXFileReference; lastKnownFileType = sourcecode.swift; path = ViewModeling.swift; sourceTree = "<group>"; };
		DC78EA14289D589F00C86F14 /* UIViewController+Helper.swift */ = {isa = PBXFileReference; lastKnownFileType = sourcecode.swift; path = "UIViewController+Helper.swift"; sourceTree = "<group>"; };
		DC78EA17289D5A3900C86F14 /* GalleryContentView.swift */ = {isa = PBXFileReference; lastKnownFileType = sourcecode.swift; path = GalleryContentView.swift; sourceTree = "<group>"; };
		DC78EA1A289D5A4C00C86F14 /* GalleryViewModel.swift */ = {isa = PBXFileReference; lastKnownFileType = sourcecode.swift; path = GalleryViewModel.swift; sourceTree = "<group>"; };
		DC78EA1C289D5A5400C86F14 /* GalleryRouter.swift */ = {isa = PBXFileReference; lastKnownFileType = sourcecode.swift; path = GalleryRouter.swift; sourceTree = "<group>"; };
		DC78EA1E289D5A6900C86F14 /* GalleryAssembly.swift */ = {isa = PBXFileReference; lastKnownFileType = sourcecode.swift; path = GalleryAssembly.swift; sourceTree = "<group>"; };
		DC78EA22289D5BF400C86F14 /* Endpoint.swift */ = {isa = PBXFileReference; lastKnownFileType = sourcecode.swift; path = Endpoint.swift; sourceTree = "<group>"; };
		DC78EA24289D5EA300C86F14 /* Networking.swift */ = {isa = PBXFileReference; lastKnownFileType = sourcecode.swift; path = Networking.swift; sourceTree = "<group>"; };
		DC78EA26289D5F2200C86F14 /* GalleryService.swift */ = {isa = PBXFileReference; lastKnownFileType = sourcecode.swift; path = GalleryService.swift; sourceTree = "<group>"; };
		DC78EA28289D613F00C86F14 /* GalleryModel.swift */ = {isa = PBXFileReference; lastKnownFileType = sourcecode.swift; path = GalleryModel.swift; sourceTree = "<group>"; };
		DC78EA2F289D7A1300C86F14 /* SelctedPhotoViewModel.swift */ = {isa = PBXFileReference; lastKnownFileType = sourcecode.swift; path = SelctedPhotoViewModel.swift; sourceTree = "<group>"; };
		DC78EA31289D7A2100C86F14 /* SelctedPhotoAssembly.swift */ = {isa = PBXFileReference; lastKnownFileType = sourcecode.swift; path = SelctedPhotoAssembly.swift; sourceTree = "<group>"; };
		DC78EA33289D7A2C00C86F14 /* SelectedPhotoContentView.swift */ = {isa = PBXFileReference; lastKnownFileType = sourcecode.swift; path = SelectedPhotoContentView.swift; sourceTree = "<group>"; };
/* End PBXFileReference section */

/* Begin PBXFrameworksBuildPhase section */
		DC78E9E7289D4F8E00C86F14 /* Frameworks */ = {
			isa = PBXFrameworksBuildPhase;
			buildActionMask = 2147483647;
			files = (
			);
			runOnlyForDeploymentPostprocessing = 0;
		};
/* End PBXFrameworksBuildPhase section */

/* Begin PBXGroup section */
		DC78E9E1289D4F8E00C86F14 = {
			isa = PBXGroup;
			children = (
				DC78E9EC289D4F8E00C86F14 /* Pixabay */,
				DC78E9EB289D4F8E00C86F14 /* Products */,
			);
			sourceTree = "<group>";
		};
		DC78E9EB289D4F8E00C86F14 /* Products */ = {
			isa = PBXGroup;
			children = (
				DC78E9EA289D4F8E00C86F14 /* Pixabay.app */,
			);
			name = Products;
			sourceTree = "<group>";
		};
		DC78E9EC289D4F8E00C86F14 /* Pixabay */ = {
			isa = PBXGroup;
			children = (
				DC78EA01289D55F100C86F14 /* App */,
				DC78EA03289D561E00C86F14 /* Base */,
				DC78EA20289D5A8500C86F14 /* Network */,
				DC78EA21289D5B4F00C86F14 /* Model */,
				DC78EA02289D55FD00C86F14 /* Views */,
				DC78EA13289D589200C86F14 /* Helper */,
				DC78E9FB289D4F8F00C86F14 /* Info.plist */,
			);
			path = Pixabay;
			sourceTree = "<group>";
		};
		DC78EA01289D55F100C86F14 /* App */ = {
			isa = PBXGroup;
			children = (
				DC78E9ED289D4F8E00C86F14 /* AppDelegate.swift */,
				DC78E9EF289D4F8E00C86F14 /* SceneDelegate.swift */,
				DC78E9F6289D4F8F00C86F14 /* Assets.xcassets */,
				DC78E9F8289D4F8F00C86F14 /* LaunchScreen.storyboard */,
			);
			path = App;
			sourceTree = "<group>";
		};
		DC78EA02289D55FD00C86F14 /* Views */ = {
			isa = PBXGroup;
			children = (
				DC78EA2E289D79FC00C86F14 /* SelectedPhoto */,
				DC78EA16289D5A2800C86F14 /* Gallery */,
			);
			path = Views;
			sourceTree = "<group>";
		};
		DC78EA03289D561E00C86F14 /* Base */ = {
			isa = PBXGroup;
			children = (
				DC78EA0B289D568600C86F14 /* BaseRouting.swift */,
				DC78EA0D289D56A800C86F14 /* BaseViewModel.swift */,
				DC78EA0F289D56B300C86F14 /* BaseViewController.swift */,
				DC78EA11289D56C900C86F14 /* ViewModeling.swift */,
				DC78EA04289D564E00C86F14 /* Root */,
			);
			path = Base;
			sourceTree = "<group>";
		};
		DC78EA04289D564E00C86F14 /* Root */ = {
			isa = PBXGroup;
			children = (
				DC78EA05289D565B00C86F14 /* RootViewController.swift */,
				DC78EA07289D566100C86F14 /* RootViewModel.swift */,
				DC78EA09289D566C00C86F14 /* RootAssembly.swift */,
			);
			path = Root;
			sourceTree = "<group>";
		};
		DC78EA13289D589200C86F14 /* Helper */ = {
			isa = PBXGroup;
			children = (
				DC78EA14289D589F00C86F14 /* UIViewController+Helper.swift */,
			);
			path = Helper;
			sourceTree = "<group>";
		};
		DC78EA16289D5A2800C86F14 /* Gallery */ = {
			isa = PBXGroup;
			children = (
				DC78EA17289D5A3900C86F14 /* GalleryContentView.swift */,
				DC78EA1A289D5A4C00C86F14 /* GalleryViewModel.swift */,
				DC78EA1C289D5A5400C86F14 /* GalleryRouter.swift */,
				DC78EA1E289D5A6900C86F14 /* GalleryAssembly.swift */,
			);
			path = Gallery;
			sourceTree = "<group>";
		};
		DC78EA20289D5A8500C86F14 /* Network */ = {
			isa = PBXGroup;
			children = (
				DC78EA22289D5BF400C86F14 /* Endpoint.swift */,
				DC78EA24289D5EA300C86F14 /* Networking.swift */,
				DC78EA26289D5F2200C86F14 /* GalleryService.swift */,
			);
			path = Network;
			sourceTree = "<group>";
		};
		DC78EA21289D5B4F00C86F14 /* Model */ = {
			isa = PBXGroup;
			children = (
				DC78EA28289D613F00C86F14 /* GalleryModel.swift */,
			);
			path = Model;
			sourceTree = "<group>";
		};
		DC78EA2E289D79FC00C86F14 /* SelectedPhoto */ = {
			isa = PBXGroup;
			children = (
				DC78EA2F289D7A1300C86F14 /* SelctedPhotoViewModel.swift */,
				DC78EA31289D7A2100C86F14 /* SelctedPhotoAssembly.swift */,
				DC78EA33289D7A2C00C86F14 /* SelectedPhotoContentView.swift */,
			);
			path = SelectedPhoto;
			sourceTree = "<group>";
		};
/* End PBXGroup section */

/* Begin PBXNativeTarget section */
		DC78E9E9289D4F8E00C86F14 /* Pixabay */ = {
			isa = PBXNativeTarget;
			buildConfigurationList = DC78E9FE289D4F8F00C86F14 /* Build configuration list for PBXNativeTarget "Pixabay" */;
			buildPhases = (
				DC78E9E6289D4F8E00C86F14 /* Sources */,
				DC78E9E7289D4F8E00C86F14 /* Frameworks */,
				DC78E9E8289D4F8E00C86F14 /* Resources */,
			);
			buildRules = (
			);
			dependencies = (
			);
			name = Pixabay;
			productName = Pixabay;
			productReference = DC78E9EA289D4F8E00C86F14 /* Pixabay.app */;
			productType = "com.apple.product-type.application";
		};
/* End PBXNativeTarget section */

/* Begin PBXProject section */
		DC78E9E2289D4F8E00C86F14 /* Project object */ = {
			isa = PBXProject;
			attributes = {
				BuildIndependentTargetsInParallel = 1;
				LastSwiftUpdateCheck = 1330;
				LastUpgradeCheck = 1330;
				TargetAttributes = {
					DC78E9E9289D4F8E00C86F14 = {
						CreatedOnToolsVersion = 13.3.1;
					};
				};
			};
			buildConfigurationList = DC78E9E5289D4F8E00C86F14 /* Build configuration list for PBXProject "Pixabay" */;
			compatibilityVersion = "Xcode 13.0";
			developmentRegion = en;
			hasScannedForEncodings = 0;
			knownRegions = (
				en,
				Base,
			);
			mainGroup = DC78E9E1289D4F8E00C86F14;
			productRefGroup = DC78E9EB289D4F8E00C86F14 /* Products */;
			projectDirPath = "";
			projectRoot = "";
			targets = (
				DC78E9E9289D4F8E00C86F14 /* Pixabay */,
			);
		};
/* End PBXProject section */

/* Begin PBXResourcesBuildPhase section */
		DC78E9E8289D4F8E00C86F14 /* Resources */ = {
			isa = PBXResourcesBuildPhase;
			buildActionMask = 2147483647;
			files = (
				DC78E9FA289D4F8F00C86F14 /* LaunchScreen.storyboard in Resources */,
				DC78E9F7289D4F8F00C86F14 /* Assets.xcassets in Resources */,
			);
			runOnlyForDeploymentPostprocessing = 0;
		};
/* End PBXResourcesBuildPhase section */

/* Begin PBXSourcesBuildPhase section */
		DC78E9E6289D4F8E00C86F14 /* Sources */ = {
			isa = PBXSourcesBuildPhase;
			buildActionMask = 2147483647;
			files = (
				DC78EA15289D589F00C86F14 /* UIViewController+Helper.swift in Sources */,
				DC78EA1B289D5A4C00C86F14 /* GalleryViewModel.swift in Sources */,
				DC78EA0C289D568600C86F14 /* BaseRouting.swift in Sources */,
				DC78EA25289D5EA300C86F14 /* Networking.swift in Sources */,
				DC78EA08289D566100C86F14 /* RootViewModel.swift in Sources */,
				DC78EA23289D5BF400C86F14 /* Endpoint.swift in Sources */,
				DC78EA27289D5F2200C86F14 /* GalleryService.swift in Sources */,
				DC78EA34289D7A2C00C86F14 /* SelectedPhotoContentView.swift in Sources */,
				DC78EA30289D7A1300C86F14 /* SelctedPhotoViewModel.swift in Sources */,
				DC78EA1F289D5A6900C86F14 /* GalleryAssembly.swift in Sources */,
				DC78EA0A289D566C00C86F14 /* RootAssembly.swift in Sources */,
				DC78E9EE289D4F8E00C86F14 /* AppDelegate.swift in Sources */,
				DC78EA29289D613F00C86F14 /* GalleryModel.swift in Sources */,
				DC78EA18289D5A3900C86F14 /* GalleryContentView.swift in Sources */,
				DC78EA1D289D5A5400C86F14 /* GalleryRouter.swift in Sources */,
				DC78EA10289D56B300C86F14 /* BaseViewController.swift in Sources */,
				DC78EA32289D7A2100C86F14 /* SelctedPhotoAssembly.swift in Sources */,
				DC78EA12289D56C900C86F14 /* ViewModeling.swift in Sources */,
				DC78EA0E289D56A800C86F14 /* BaseViewModel.swift in Sources */,
				DC78EA06289D565B00C86F14 /* RootViewController.swift in Sources */,
				DC78E9F0289D4F8E00C86F14 /* SceneDelegate.swift in Sources */,
			);
			runOnlyForDeploymentPostprocessing = 0;
		};
/* End PBXSourcesBuildPhase section */

/* Begin PBXVariantGroup section */
		DC78E9F8289D4F8F00C86F14 /* LaunchScreen.storyboard */ = {
			isa = PBXVariantGroup;
			children = (
				DC78E9F9289D4F8F00C86F14 /* Base */,
			);
			name = LaunchScreen.storyboard;
			sourceTree = "<group>";
		};
/* End PBXVariantGroup section */

/* Begin XCBuildConfiguration section */
		DC78E9FC289D4F8F00C86F14 /* Debug */ = {
			isa = XCBuildConfiguration;
			buildSettings = {
				ALWAYS_SEARCH_USER_PATHS = NO;
				CLANG_ANALYZER_NONNULL = YES;
				CLANG_ANALYZER_NUMBER_OBJECT_CONVERSION = YES_AGGRESSIVE;
				CLANG_CXX_LANGUAGE_STANDARD = "gnu++17";
				CLANG_ENABLE_MODULES = YES;
				CLANG_ENABLE_OBJC_ARC = YES;
				CLANG_ENABLE_OBJC_WEAK = YES;
				CLANG_WARN_BLOCK_CAPTURE_AUTORELEASING = YES;
				CLANG_WARN_BOOL_CONVERSION = YES;
				CLANG_WARN_COMMA = YES;
				CLANG_WARN_CONSTANT_CONVERSION = YES;
				CLANG_WARN_DEPRECATED_OBJC_IMPLEMENTATIONS = YES;
				CLANG_WARN_DIRECT_OBJC_ISA_USAGE = YES_ERROR;
				CLANG_WARN_DOCUMENTATION_COMMENTS = YES;
				CLANG_WARN_EMPTY_BODY = YES;
				CLANG_WARN_ENUM_CONVERSION = YES;
				CLANG_WARN_INFINITE_RECURSION = YES;
				CLANG_WARN_INT_CONVERSION = YES;
				CLANG_WARN_NON_LITERAL_NULL_CONVERSION = YES;
				CLANG_WARN_OBJC_IMPLICIT_RETAIN_SELF = YES;
				CLANG_WARN_OBJC_LITERAL_CONVERSION = YES;
				CLANG_WARN_OBJC_ROOT_CLASS = YES_ERROR;
				CLANG_WARN_QUOTED_INCLUDE_IN_FRAMEWORK_HEADER = YES;
				CLANG_WARN_RANGE_LOOP_ANALYSIS = YES;
				CLANG_WARN_STRICT_PROTOTYPES = YES;
				CLANG_WARN_SUSPICIOUS_MOVE = YES;
				CLANG_WARN_UNGUARDED_AVAILABILITY = YES_AGGRESSIVE;
				CLANG_WARN_UNREACHABLE_CODE = YES;
				CLANG_WARN__DUPLICATE_METHOD_MATCH = YES;
				COPY_PHASE_STRIP = NO;
				DEBUG_INFORMATION_FORMAT = dwarf;
				ENABLE_STRICT_OBJC_MSGSEND = YES;
				ENABLE_TESTABILITY = YES;
				GCC_C_LANGUAGE_STANDARD = gnu11;
				GCC_DYNAMIC_NO_PIC = NO;
				GCC_NO_COMMON_BLOCKS = YES;
				GCC_OPTIMIZATION_LEVEL = 0;
				GCC_PREPROCESSOR_DEFINITIONS = (
					"DEBUG=1",
					"$(inherited)",
				);
				GCC_WARN_64_TO_32_BIT_CONVERSION = YES;
				GCC_WARN_ABOUT_RETURN_TYPE = YES_ERROR;
				GCC_WARN_UNDECLARED_SELECTOR = YES;
				GCC_WARN_UNINITIALIZED_AUTOS = YES_AGGRESSIVE;
				GCC_WARN_UNUSED_FUNCTION = YES;
				GCC_WARN_UNUSED_VARIABLE = YES;
				IPHONEOS_DEPLOYMENT_TARGET = 15.4;
				MTL_ENABLE_DEBUG_INFO = INCLUDE_SOURCE;
				MTL_FAST_MATH = YES;
				ONLY_ACTIVE_ARCH = YES;
				SDKROOT = iphoneos;
				SWIFT_ACTIVE_COMPILATION_CONDITIONS = DEBUG;
				SWIFT_OPTIMIZATION_LEVEL = "-Onone";
			};
			name = Debug;
		};
		DC78E9FD289D4F8F00C86F14 /* Release */ = {
			isa = XCBuildConfiguration;
			buildSettings = {
				ALWAYS_SEARCH_USER_PATHS = NO;
				CLANG_ANALYZER_NONNULL = YES;
				CLANG_ANALYZER_NUMBER_OBJECT_CONVERSION = YES_AGGRESSIVE;
				CLANG_CXX_LANGUAGE_STANDARD = "gnu++17";
				CLANG_ENABLE_MODULES = YES;
				CLANG_ENABLE_OBJC_ARC = YES;
				CLANG_ENABLE_OBJC_WEAK = YES;
				CLANG_WARN_BLOCK_CAPTURE_AUTORELEASING = YES;
				CLANG_WARN_BOOL_CONVERSION = YES;
				CLANG_WARN_COMMA = YES;
				CLANG_WARN_CONSTANT_CONVERSION = YES;
				CLANG_WARN_DEPRECATED_OBJC_IMPLEMENTATIONS = YES;
				CLANG_WARN_DIRECT_OBJC_ISA_USAGE = YES_ERROR;
				CLANG_WARN_DOCUMENTATION_COMMENTS = YES;
				CLANG_WARN_EMPTY_BODY = YES;
				CLANG_WARN_ENUM_CONVERSION = YES;
				CLANG_WARN_INFINITE_RECURSION = YES;
				CLANG_WARN_INT_CONVERSION = YES;
				CLANG_WARN_NON_LITERAL_NULL_CONVERSION = YES;
				CLANG_WARN_OBJC_IMPLICIT_RETAIN_SELF = YES;
				CLANG_WARN_OBJC_LITERAL_CONVERSION = YES;
				CLANG_WARN_OBJC_ROOT_CLASS = YES_ERROR;
				CLANG_WARN_QUOTED_INCLUDE_IN_FRAMEWORK_HEADER = YES;
				CLANG_WARN_RANGE_LOOP_ANALYSIS = YES;
				CLANG_WARN_STRICT_PROTOTYPES = YES;
				CLANG_WARN_SUSPICIOUS_MOVE = YES;
				CLANG_WARN_UNGUARDED_AVAILABILITY = YES_AGGRESSIVE;
				CLANG_WARN_UNREACHABLE_CODE = YES;
				CLANG_WARN__DUPLICATE_METHOD_MATCH = YES;
				COPY_PHASE_STRIP = NO;
				DEBUG_INFORMATION_FORMAT = "dwarf-with-dsym";
				ENABLE_NS_ASSERTIONS = NO;
				ENABLE_STRICT_OBJC_MSGSEND = YES;
				GCC_C_LANGUAGE_STANDARD = gnu11;
				GCC_NO_COMMON_BLOCKS = YES;
				GCC_WARN_64_TO_32_BIT_CONVERSION = YES;
				GCC_WARN_ABOUT_RETURN_TYPE = YES_ERROR;
				GCC_WARN_UNDECLARED_SELECTOR = YES;
				GCC_WARN_UNINITIALIZED_AUTOS = YES_AGGRESSIVE;
				GCC_WARN_UNUSED_FUNCTION = YES;
				GCC_WARN_UNUSED_VARIABLE = YES;
				IPHONEOS_DEPLOYMENT_TARGET = 15.4;
				MTL_ENABLE_DEBUG_INFO = NO;
				MTL_FAST_MATH = YES;
				SDKROOT = iphoneos;
				SWIFT_COMPILATION_MODE = wholemodule;
				SWIFT_OPTIMIZATION_LEVEL = "-O";
				VALIDATE_PRODUCT = YES;
			};
			name = Release;
		};
		DC78E9FF289D4F8F00C86F14 /* Debug */ = {
			isa = XCBuildConfiguration;
			buildSettings = {
				ASSETCATALOG_COMPILER_APPICON_NAME = AppIcon;
				ASSETCATALOG_COMPILER_GLOBAL_ACCENT_COLOR_NAME = AccentColor;
				CODE_SIGN_STYLE = Automatic;
				CURRENT_PROJECT_VERSION = 1;
				DEVELOPMENT_TEAM = PN3BW3P27A;
				GENERATE_INFOPLIST_FILE = YES;
				INFOPLIST_FILE = Pixabay/Info.plist;
				INFOPLIST_KEY_UIApplicationSupportsIndirectInputEvents = YES;
				INFOPLIST_KEY_UILaunchStoryboardName = LaunchScreen;
				INFOPLIST_KEY_UISupportedInterfaceOrientations_iPad = "UIInterfaceOrientationPortrait UIInterfaceOrientationPortraitUpsideDown UIInterfaceOrientationLandscapeLeft UIInterfaceOrientationLandscapeRight";
				INFOPLIST_KEY_UISupportedInterfaceOrientations_iPhone = "UIInterfaceOrientationPortrait UIInterfaceOrientationLandscapeLeft UIInterfaceOrientationLandscapeRight";
				LD_RUNPATH_SEARCH_PATHS = (
					"$(inherited)",
					"@executable_path/Frameworks",
				);
				MARKETING_VERSION = 1.0;
				PRODUCT_BUNDLE_IDENTIFIER = ltsi.Pixabay;
				PRODUCT_NAME = "$(TARGET_NAME)";
				SWIFT_EMIT_LOC_STRINGS = YES;
				SWIFT_VERSION = 5.0;
				TARGETED_DEVICE_FAMILY = "1,2";
			};
			name = Debug;
		};
		DC78EA00289D4F8F00C86F14 /* Release */ = {
			isa = XCBuildConfiguration;
			buildSettings = {
				ASSETCATALOG_COMPILER_APPICON_NAME = AppIcon;
				ASSETCATALOG_COMPILER_GLOBAL_ACCENT_COLOR_NAME = AccentColor;
				CODE_SIGN_STYLE = Automatic;
				CURRENT_PROJECT_VERSION = 1;
				DEVELOPMENT_TEAM = PN3BW3P27A;
				GENERATE_INFOPLIST_FILE = YES;
				INFOPLIST_FILE = Pixabay/Info.plist;
				INFOPLIST_KEY_UIApplicationSupportsIndirectInputEvents = YES;
				INFOPLIST_KEY_UILaunchStoryboardName = LaunchScreen;
				INFOPLIST_KEY_UISupportedInterfaceOrientations_iPad = "UIInterfaceOrientationPortrait UIInterfaceOrientationPortraitUpsideDown UIInterfaceOrientationLandscapeLeft UIInterfaceOrientationLandscapeRight";
				INFOPLIST_KEY_UISupportedInterfaceOrientations_iPhone = "UIInterfaceOrientationPortrait UIInterfaceOrientationLandscapeLeft UIInterfaceOrientationLandscapeRight";
				LD_RUNPATH_SEARCH_PATHS = (
					"$(inherited)",
					"@executable_path/Frameworks",
				);
				MARKETING_VERSION = 1.0;
				PRODUCT_BUNDLE_IDENTIFIER = ltsi.Pixabay;
				PRODUCT_NAME = "$(TARGET_NAME)";
				SWIFT_EMIT_LOC_STRINGS = YES;
				SWIFT_VERSION = 5.0;
				TARGETED_DEVICE_FAMILY = "1,2";
			};
			name = Release;
		};
/* End XCBuildConfiguration section */

/* Begin XCConfigurationList section */
		DC78E9E5289D4F8E00C86F14 /* Build configuration list for PBXProject "Pixabay" */ = {
			isa = XCConfigurationList;
			buildConfigurations = (
				DC78E9FC289D4F8F00C86F14 /* Debug */,
				DC78E9FD289D4F8F00C86F14 /* Release */,
			);
			defaultConfigurationIsVisible = 0;
			defaultConfigurationName = Release;
		};
		DC78E9FE289D4F8F00C86F14 /* Build configuration list for PBXNativeTarget "Pixabay" */ = {
			isa = XCConfigurationList;
			buildConfigurations = (
				DC78E9FF289D4F8F00C86F14 /* Debug */,
				DC78EA00289D4F8F00C86F14 /* Release */,
			);
			defaultConfigurationIsVisible = 0;
			defaultConfigurationName = Release;
		};
/* End XCConfigurationList section */
	};
	rootObject = DC78E9E2289D4F8E00C86F14 /* Project object */;
}
